// !$*UTF8*$!
{
	archiveVersion = 1;
	classes = {
	};
	objectVersion = 55;
	objects = {

/* Begin PBXBuildFile section */
		9C845DE3284E857200226845 /* AppDelegate.swift in Sources */ = {isa = PBXBuildFile; fileRef = 9C845DE2284E857200226845 /* AppDelegate.swift */; };
		9C845DE5284E857200226845 /* SceneDelegate.swift in Sources */ = {isa = PBXBuildFile; fileRef = 9C845DE4284E857200226845 /* SceneDelegate.swift */; };
		9C845DE7284E857200226845 /* TaskListViewController.swift in Sources */ = {isa = PBXBuildFile; fileRef = 9C845DE6284E857200226845 /* TaskListViewController.swift */; };
		9C845DEA284E857200226845 /* Main.storyboard in Resources */ = {isa = PBXBuildFile; fileRef = 9C845DE8284E857200226845 /* Main.storyboard */; };
		9C845DEC284E857300226845 /* Assets.xcassets in Resources */ = {isa = PBXBuildFile; fileRef = 9C845DEB284E857300226845 /* Assets.xcassets */; };
		9C845DEF284E857300226845 /* LaunchScreen.storyboard in Resources */ = {isa = PBXBuildFile; fileRef = 9C845DED284E857300226845 /* LaunchScreen.storyboard */; };
		9C845DFA284E857300226845 /* ToDoAppTests.swift in Sources */ = {isa = PBXBuildFile; fileRef = 9C845DF9284E857300226845 /* ToDoAppTests.swift */; };
		9C845E04284E857300226845 /* ToDoAppUITests.swift in Sources */ = {isa = PBXBuildFile; fileRef = 9C845E03284E857300226845 /* ToDoAppUITests.swift */; };
		9C845E06284E857300226845 /* ToDoAppUITestsLaunchTests.swift in Sources */ = {isa = PBXBuildFile; fileRef = 9C845E05284E857300226845 /* ToDoAppUITestsLaunchTests.swift */; };
		9C845E17284E889E00226845 /* TaskTests.swift in Sources */ = {isa = PBXBuildFile; fileRef = 9C845E16284E889E00226845 /* TaskTests.swift */; };
		9C845E1A284E89DF00226845 /* Task.swift in Sources */ = {isa = PBXBuildFile; fileRef = 9C845E19284E89DF00226845 /* Task.swift */; };
		9C845E202851081700226845 /* Location.swift in Sources */ = {isa = PBXBuildFile; fileRef = 9C845E1F2851081700226845 /* Location.swift */; };
		9C845E2228510B3200226845 /* LocationTests.swift in Sources */ = {isa = PBXBuildFile; fileRef = 9C845E2128510B3200226845 /* LocationTests.swift */; };
		9C845E2528510FE400226845 /* TaskManagerTests.swift in Sources */ = {isa = PBXBuildFile; fileRef = 9C845E2428510FE400226845 /* TaskManagerTests.swift */; };
		9C845E282851109400226845 /* TaskManager.swift in Sources */ = {isa = PBXBuildFile; fileRef = 9C845E272851109400226845 /* TaskManager.swift */; };
		9CB71B8128525DB400073FAA /* TaskListViewControllerTests.swift in Sources */ = {isa = PBXBuildFile; fileRef = 9CB71B8028525DB400073FAA /* TaskListViewControllerTests.swift */; };
		9CB71B83285264BC00073FAA /* DataProvider.swift in Sources */ = {isa = PBXBuildFile; fileRef = 9CB71B82285264BC00073FAA /* DataProvider.swift */; };
		9CB71B852853A85C00073FAA /* DataProviderTests.swift in Sources */ = {isa = PBXBuildFile; fileRef = 9CB71B842853A85C00073FAA /* DataProviderTests.swift */; };
		9CB71B872853AF1600073FAA /* TaskCell.swift in Sources */ = {isa = PBXBuildFile; fileRef = 9CB71B862853AF1600073FAA /* TaskCell.swift */; };
		9CB71B8A2858E67100073FAA /* TaskCellTests.swift in Sources */ = {isa = PBXBuildFile; fileRef = 9CB71B892858E67100073FAA /* TaskCellTests.swift */; };
/* End PBXBuildFile section */

/* Begin PBXContainerItemProxy section */
		9C845DF6284E857300226845 /* PBXContainerItemProxy */ = {
			isa = PBXContainerItemProxy;
			containerPortal = 9C845DD7284E857200226845 /* Project object */;
			proxyType = 1;
			remoteGlobalIDString = 9C845DDE284E857200226845;
			remoteInfo = ToDoApp;
		};
		9C845E00284E857300226845 /* PBXContainerItemProxy */ = {
			isa = PBXContainerItemProxy;
			containerPortal = 9C845DD7284E857200226845 /* Project object */;
			proxyType = 1;
			remoteGlobalIDString = 9C845DDE284E857200226845;
			remoteInfo = ToDoApp;
		};
/* End PBXContainerItemProxy section */

/* Begin PBXFileReference section */
		9C845DDF284E857200226845 /* ToDoApp.app */ = {isa = PBXFileReference; explicitFileType = wrapper.application; includeInIndex = 0; path = ToDoApp.app; sourceTree = BUILT_PRODUCTS_DIR; };
		9C845DE2284E857200226845 /* AppDelegate.swift */ = {isa = PBXFileReference; lastKnownFileType = sourcecode.swift; path = AppDelegate.swift; sourceTree = "<group>"; };
		9C845DE4284E857200226845 /* SceneDelegate.swift */ = {isa = PBXFileReference; lastKnownFileType = sourcecode.swift; path = SceneDelegate.swift; sourceTree = "<group>"; };
		9C845DE6284E857200226845 /* TaskListViewController.swift */ = {isa = PBXFileReference; lastKnownFileType = sourcecode.swift; path = TaskListViewController.swift; sourceTree = "<group>"; };
		9C845DE9284E857200226845 /* Base */ = {isa = PBXFileReference; lastKnownFileType = file.storyboard; name = Base; path = Base.lproj/Main.storyboard; sourceTree = "<group>"; };
		9C845DEB284E857300226845 /* Assets.xcassets */ = {isa = PBXFileReference; lastKnownFileType = folder.assetcatalog; path = Assets.xcassets; sourceTree = "<group>"; };
		9C845DEE284E857300226845 /* Base */ = {isa = PBXFileReference; lastKnownFileType = file.storyboard; name = Base; path = Base.lproj/LaunchScreen.storyboard; sourceTree = "<group>"; };
		9C845DF0284E857300226845 /* Info.plist */ = {isa = PBXFileReference; lastKnownFileType = text.plist.xml; path = Info.plist; sourceTree = "<group>"; };
		9C845DF5284E857300226845 /* ToDoAppTests.xctest */ = {isa = PBXFileReference; explicitFileType = wrapper.cfbundle; includeInIndex = 0; path = ToDoAppTests.xctest; sourceTree = BUILT_PRODUCTS_DIR; };
		9C845DF9284E857300226845 /* ToDoAppTests.swift */ = {isa = PBXFileReference; lastKnownFileType = sourcecode.swift; path = ToDoAppTests.swift; sourceTree = "<group>"; };
		9C845DFF284E857300226845 /* ToDoAppUITests.xctest */ = {isa = PBXFileReference; explicitFileType = wrapper.cfbundle; includeInIndex = 0; path = ToDoAppUITests.xctest; sourceTree = BUILT_PRODUCTS_DIR; };
		9C845E03284E857300226845 /* ToDoAppUITests.swift */ = {isa = PBXFileReference; lastKnownFileType = sourcecode.swift; path = ToDoAppUITests.swift; sourceTree = "<group>"; };
		9C845E05284E857300226845 /* ToDoAppUITestsLaunchTests.swift */ = {isa = PBXFileReference; lastKnownFileType = sourcecode.swift; path = ToDoAppUITestsLaunchTests.swift; sourceTree = "<group>"; };
		9C845E16284E889E00226845 /* TaskTests.swift */ = {isa = PBXFileReference; lastKnownFileType = sourcecode.swift; path = TaskTests.swift; sourceTree = "<group>"; };
		9C845E19284E89DF00226845 /* Task.swift */ = {isa = PBXFileReference; lastKnownFileType = sourcecode.swift; path = Task.swift; sourceTree = "<group>"; };
		9C845E1F2851081700226845 /* Location.swift */ = {isa = PBXFileReference; lastKnownFileType = sourcecode.swift; path = Location.swift; sourceTree = "<group>"; };
		9C845E2128510B3200226845 /* LocationTests.swift */ = {isa = PBXFileReference; lastKnownFileType = sourcecode.swift; path = LocationTests.swift; sourceTree = "<group>"; };
		9C845E2428510FE400226845 /* TaskManagerTests.swift */ = {isa = PBXFileReference; lastKnownFileType = sourcecode.swift; path = TaskManagerTests.swift; sourceTree = "<group>"; };
		9C845E272851109400226845 /* TaskManager.swift */ = {isa = PBXFileReference; lastKnownFileType = sourcecode.swift; path = TaskManager.swift; sourceTree = "<group>"; };
		9CB71B8028525DB400073FAA /* TaskListViewControllerTests.swift */ = {isa = PBXFileReference; lastKnownFileType = sourcecode.swift; path = TaskListViewControllerTests.swift; sourceTree = "<group>"; };
		9CB71B82285264BC00073FAA /* DataProvider.swift */ = {isa = PBXFileReference; lastKnownFileType = sourcecode.swift; path = DataProvider.swift; sourceTree = "<group>"; };
		9CB71B842853A85C00073FAA /* DataProviderTests.swift */ = {isa = PBXFileReference; lastKnownFileType = sourcecode.swift; path = DataProviderTests.swift; sourceTree = "<group>"; };
		9CB71B862853AF1600073FAA /* TaskCell.swift */ = {isa = PBXFileReference; lastKnownFileType = sourcecode.swift; path = TaskCell.swift; sourceTree = "<group>"; };
		9CB71B892858E67100073FAA /* TaskCellTests.swift */ = {isa = PBXFileReference; lastKnownFileType = sourcecode.swift; path = TaskCellTests.swift; sourceTree = "<group>"; };
/* End PBXFileReference section */

/* Begin PBXFrameworksBuildPhase section */
		9C845DDC284E857200226845 /* Frameworks */ = {
			isa = PBXFrameworksBuildPhase;
			buildActionMask = 2147483647;
			files = (
			);
			runOnlyForDeploymentPostprocessing = 0;
		};
		9C845DF2284E857300226845 /* Frameworks */ = {
			isa = PBXFrameworksBuildPhase;
			buildActionMask = 2147483647;
			files = (
			);
			runOnlyForDeploymentPostprocessing = 0;
		};
		9C845DFC284E857300226845 /* Frameworks */ = {
			isa = PBXFrameworksBuildPhase;
			buildActionMask = 2147483647;
			files = (
			);
			runOnlyForDeploymentPostprocessing = 0;
		};
/* End PBXFrameworksBuildPhase section */

/* Begin PBXGroup section */
		9C845DD6284E857200226845 = {
			isa = PBXGroup;
			children = (
				9C845DE1284E857200226845 /* ToDoApp */,
				9C845DF8284E857300226845 /* ToDoAppTests */,
				9C845E02284E857300226845 /* ToDoAppUITests */,
				9C845DE0284E857200226845 /* Products */,
			);
			sourceTree = "<group>";
		};
		9C845DE0284E857200226845 /* Products */ = {
			isa = PBXGroup;
			children = (
				9C845DDF284E857200226845 /* ToDoApp.app */,
				9C845DF5284E857300226845 /* ToDoAppTests.xctest */,
				9C845DFF284E857300226845 /* ToDoAppUITests.xctest */,
			);
			name = Products;
			sourceTree = "<group>";
		};
		9C845DE1284E857200226845 /* ToDoApp */ = {
			isa = PBXGroup;
			children = (
				9C845E262851106C00226845 /* Manager */,
				9C845E14284E85B900226845 /* Controller */,
				9C845E13284E85AF00226845 /* View */,
				9C845E12284E859D00226845 /* Model */,
				9C845E15284E85F100226845 /* Supporting */,
				9C845DF0284E857300226845 /* Info.plist */,
			);
			path = ToDoApp;
			sourceTree = "<group>";
		};
		9C845DF8284E857300226845 /* ToDoAppTests */ = {
			isa = PBXGroup;
			children = (
				9CB71B882858E64F00073FAA /* View */,
				9CB71B7F28525D7500073FAA /* Controller */,
				9C845E2328510FA300226845 /* Manager */,
				9C845DF9284E857300226845 /* ToDoAppTests.swift */,
				9C845E2428510FE400226845 /* TaskManagerTests.swift */,
				9C845E18284E88CA00226845 /* Model */,
			);
			path = ToDoAppTests;
			sourceTree = "<group>";
		};
		9C845E02284E857300226845 /* ToDoAppUITests */ = {
			isa = PBXGroup;
			children = (
				9C845E03284E857300226845 /* ToDoAppUITests.swift */,
				9C845E05284E857300226845 /* ToDoAppUITestsLaunchTests.swift */,
			);
			path = ToDoAppUITests;
			sourceTree = "<group>";
		};
		9C845E12284E859D00226845 /* Model */ = {
			isa = PBXGroup;
			children = (
				9C845E19284E89DF00226845 /* Task.swift */,
				9C845E1F2851081700226845 /* Location.swift */,
			);
			path = Model;
			sourceTree = "<group>";
		};
		9C845E13284E85AF00226845 /* View */ = {
			isa = PBXGroup;
			children = (
				9CB71B862853AF1600073FAA /* TaskCell.swift */,
			);
			path = View;
			sourceTree = "<group>";
		};
		9C845E14284E85B900226845 /* Controller */ = {
			isa = PBXGroup;
			children = (
				9C845DE6284E857200226845 /* TaskListViewController.swift */,
				9CB71B82285264BC00073FAA /* DataProvider.swift */,
			);
			path = Controller;
			sourceTree = "<group>";
		};
		9C845E15284E85F100226845 /* Supporting */ = {
			isa = PBXGroup;
			children = (
				9C845DE2284E857200226845 /* AppDelegate.swift */,
				9C845DE4284E857200226845 /* SceneDelegate.swift */,
				9C845DE8284E857200226845 /* Main.storyboard */,
				9C845DEB284E857300226845 /* Assets.xcassets */,
				9C845DED284E857300226845 /* LaunchScreen.storyboard */,
			);
			path = Supporting;
			sourceTree = "<group>";
		};
		9C845E18284E88CA00226845 /* Model */ = {
			isa = PBXGroup;
			children = (
				9C845E16284E889E00226845 /* TaskTests.swift */,
				9C845E2128510B3200226845 /* LocationTests.swift */,
			);
			path = Model;
			sourceTree = "<group>";
		};
		9C845E2328510FA300226845 /* Manager */ = {
			isa = PBXGroup;
			children = (
			);
			path = Manager;
			sourceTree = "<group>";
		};
		9C845E262851106C00226845 /* Manager */ = {
			isa = PBXGroup;
			children = (
				9C845E272851109400226845 /* TaskManager.swift */,
			);
			path = Manager;
			sourceTree = "<group>";
		};
		9CB71B7F28525D7500073FAA /* Controller */ = {
			isa = PBXGroup;
			children = (
				9CB71B8028525DB400073FAA /* TaskListViewControllerTests.swift */,
				9CB71B842853A85C00073FAA /* DataProviderTests.swift */,
			);
			path = Controller;
			sourceTree = "<group>";
		};
		9CB71B882858E64F00073FAA /* View */ = {
			isa = PBXGroup;
			children = (
				9CB71B892858E67100073FAA /* TaskCellTests.swift */,
			);
			path = View;
			sourceTree = "<group>";
		};
/* End PBXGroup section */

/* Begin PBXNativeTarget section */
		9C845DDE284E857200226845 /* ToDoApp */ = {
			isa = PBXNativeTarget;
			buildConfigurationList = 9C845E09284E857300226845 /* Build configuration list for PBXNativeTarget "ToDoApp" */;
			buildPhases = (
				9C845DDB284E857200226845 /* Sources */,
				9C845DDC284E857200226845 /* Frameworks */,
				9C845DDD284E857200226845 /* Resources */,
			);
			buildRules = (
			);
			dependencies = (
			);
			name = ToDoApp;
			productName = ToDoApp;
			productReference = 9C845DDF284E857200226845 /* ToDoApp.app */;
			productType = "com.apple.product-type.application";
		};
		9C845DF4284E857300226845 /* ToDoAppTests */ = {
			isa = PBXNativeTarget;
			buildConfigurationList = 9C845E0C284E857300226845 /* Build configuration list for PBXNativeTarget "ToDoAppTests" */;
			buildPhases = (
				9C845DF1284E857300226845 /* Sources */,
				9C845DF2284E857300226845 /* Frameworks */,
				9C845DF3284E857300226845 /* Resources */,
			);
			buildRules = (
			);
			dependencies = (
				9C845DF7284E857300226845 /* PBXTargetDependency */,
			);
			name = ToDoAppTests;
			productName = ToDoAppTests;
			productReference = 9C845DF5284E857300226845 /* ToDoAppTests.xctest */;
			productType = "com.apple.product-type.bundle.unit-test";
		};
		9C845DFE284E857300226845 /* ToDoAppUITests */ = {
			isa = PBXNativeTarget;
			buildConfigurationList = 9C845E0F284E857300226845 /* Build configuration list for PBXNativeTarget "ToDoAppUITests" */;
			buildPhases = (
				9C845DFB284E857300226845 /* Sources */,
				9C845DFC284E857300226845 /* Frameworks */,
				9C845DFD284E857300226845 /* Resources */,
			);
			buildRules = (
			);
			dependencies = (
				9C845E01284E857300226845 /* PBXTargetDependency */,
			);
			name = ToDoAppUITests;
			productName = ToDoAppUITests;
			productReference = 9C845DFF284E857300226845 /* ToDoAppUITests.xctest */;
			productType = "com.apple.product-type.bundle.ui-testing";
		};
/* End PBXNativeTarget section */

/* Begin PBXProject section */
		9C845DD7284E857200226845 /* Project object */ = {
			isa = PBXProject;
			attributes = {
				BuildIndependentTargetsInParallel = 1;
				LastSwiftUpdateCheck = 1320;
				LastUpgradeCheck = 1320;
				TargetAttributes = {
					9C845DDE284E857200226845 = {
						CreatedOnToolsVersion = 13.2.1;
					};
					9C845DF4284E857300226845 = {
						CreatedOnToolsVersion = 13.2.1;
						TestTargetID = 9C845DDE284E857200226845;
					};
					9C845DFE284E857300226845 = {
						CreatedOnToolsVersion = 13.2.1;
						TestTargetID = 9C845DDE284E857200226845;
					};
				};
			};
			buildConfigurationList = 9C845DDA284E857200226845 /* Build configuration list for PBXProject "ToDoApp" */;
			compatibilityVersion = "Xcode 13.0";
			developmentRegion = en;
			hasScannedForEncodings = 0;
			knownRegions = (
				en,
				Base,
			);
			mainGroup = 9C845DD6284E857200226845;
			productRefGroup = 9C845DE0284E857200226845 /* Products */;
			projectDirPath = "";
			projectRoot = "";
			targets = (
				9C845DDE284E857200226845 /* ToDoApp */,
				9C845DF4284E857300226845 /* ToDoAppTests */,
				9C845DFE284E857300226845 /* ToDoAppUITests */,
			);
		};
/* End PBXProject section */

/* Begin PBXResourcesBuildPhase section */
		9C845DDD284E857200226845 /* Resources */ = {
			isa = PBXResourcesBuildPhase;
			buildActionMask = 2147483647;
			files = (
				9C845DEF284E857300226845 /* LaunchScreen.storyboard in Resources */,
				9C845DEC284E857300226845 /* Assets.xcassets in Resources */,
				9C845DEA284E857200226845 /* Main.storyboard in Resources */,
			);
			runOnlyForDeploymentPostprocessing = 0;
		};
		9C845DF3284E857300226845 /* Resources */ = {
			isa = PBXResourcesBuildPhase;
			buildActionMask = 2147483647;
			files = (
			);
			runOnlyForDeploymentPostprocessing = 0;
		};
		9C845DFD284E857300226845 /* Resources */ = {
			isa = PBXResourcesBuildPhase;
			buildActionMask = 2147483647;
			files = (
			);
			runOnlyForDeploymentPostprocessing = 0;
		};
/* End PBXResourcesBuildPhase section */

/* Begin PBXSourcesBuildPhase section */
		9C845DDB284E857200226845 /* Sources */ = {
			isa = PBXSourcesBuildPhase;
			buildActionMask = 2147483647;
			files = (
				9C845E282851109400226845 /* TaskManager.swift in Sources */,
				9C845E1A284E89DF00226845 /* Task.swift in Sources */,
				9C845DE7284E857200226845 /* TaskListViewController.swift in Sources */,
				9CB71B83285264BC00073FAA /* DataProvider.swift in Sources */,
				9CB71B872853AF1600073FAA /* TaskCell.swift in Sources */,
				9C845E202851081700226845 /* Location.swift in Sources */,
				9C845DE3284E857200226845 /* AppDelegate.swift in Sources */,
				9C845DE5284E857200226845 /* SceneDelegate.swift in Sources */,
			);
			runOnlyForDeploymentPostprocessing = 0;
		};
		9C845DF1284E857300226845 /* Sources */ = {
			isa = PBXSourcesBuildPhase;
			buildActionMask = 2147483647;
			files = (
				9C845E17284E889E00226845 /* TaskTests.swift in Sources */,
				9C845E2228510B3200226845 /* LocationTests.swift in Sources */,
				9CB71B8A2858E67100073FAA /* TaskCellTests.swift in Sources */,
				9CB71B852853A85C00073FAA /* DataProviderTests.swift in Sources */,
				9C845E2528510FE400226845 /* TaskManagerTests.swift in Sources */,
				9CB71B8128525DB400073FAA /* TaskListViewControllerTests.swift in Sources */,
				9C845DFA284E857300226845 /* ToDoAppTests.swift in Sources */,
			);
			runOnlyForDeploymentPostprocessing = 0;
		};
		9C845DFB284E857300226845 /* Sources */ = {
			isa = PBXSourcesBuildPhase;
			buildActionMask = 2147483647;
			files = (
				9C845E06284E857300226845 /* ToDoAppUITestsLaunchTests.swift in Sources */,
				9C845E04284E857300226845 /* ToDoAppUITests.swift in Sources */,
			);
			runOnlyForDeploymentPostprocessing = 0;
		};
/* End PBXSourcesBuildPhase section */

/* Begin PBXTargetDependency section */
		9C845DF7284E857300226845 /* PBXTargetDependency */ = {
			isa = PBXTargetDependency;
			target = 9C845DDE284E857200226845 /* ToDoApp */;
			targetProxy = 9C845DF6284E857300226845 /* PBXContainerItemProxy */;
		};
		9C845E01284E857300226845 /* PBXTargetDependency */ = {
			isa = PBXTargetDependency;
			target = 9C845DDE284E857200226845 /* ToDoApp */;
			targetProxy = 9C845E00284E857300226845 /* PBXContainerItemProxy */;
		};
/* End PBXTargetDependency section */

/* Begin PBXVariantGroup section */
		9C845DE8284E857200226845 /* Main.storyboard */ = {
			isa = PBXVariantGroup;
			children = (
				9C845DE9284E857200226845 /* Base */,
			);
			name = Main.storyboard;
			sourceTree = "<group>";
		};
		9C845DED284E857300226845 /* LaunchScreen.storyboard */ = {
			isa = PBXVariantGroup;
			children = (
				9C845DEE284E857300226845 /* Base */,
			);
			name = LaunchScreen.storyboard;
			sourceTree = "<group>";
		};
/* End PBXVariantGroup section */

/* Begin XCBuildConfiguration section */
		9C845E07284E857300226845 /* Debug */ = {
			isa = XCBuildConfiguration;
			buildSettings = {
				ALWAYS_SEARCH_USER_PATHS = NO;
				CLANG_ANALYZER_NONNULL = YES;
				CLANG_ANALYZER_NUMBER_OBJECT_CONVERSION = YES_AGGRESSIVE;
				CLANG_CXX_LANGUAGE_STANDARD = "gnu++17";
				CLANG_CXX_LIBRARY = "libc++";
				CLANG_ENABLE_MODULES = YES;
				CLANG_ENABLE_OBJC_ARC = YES;
				CLANG_ENABLE_OBJC_WEAK = YES;
				CLANG_WARN_BLOCK_CAPTURE_AUTORELEASING = YES;
				CLANG_WARN_BOOL_CONVERSION = YES;
				CLANG_WARN_COMMA = YES;
				CLANG_WARN_CONSTANT_CONVERSION = YES;
				CLANG_WARN_DEPRECATED_OBJC_IMPLEMENTATIONS = YES;
				CLANG_WARN_DIRECT_OBJC_ISA_USAGE = YES_ERROR;
				CLANG_WARN_DOCUMENTATION_COMMENTS = YES;
				CLANG_WARN_EMPTY_BODY = YES;
				CLANG_WARN_ENUM_CONVERSION = YES;
				CLANG_WARN_INFINITE_RECURSION = YES;
				CLANG_WARN_INT_CONVERSION = YES;
				CLANG_WARN_NON_LITERAL_NULL_CONVERSION = YES;
				CLANG_WARN_OBJC_IMPLICIT_RETAIN_SELF = YES;
				CLANG_WARN_OBJC_LITERAL_CONVERSION = YES;
				CLANG_WARN_OBJC_ROOT_CLASS = YES_ERROR;
				CLANG_WARN_QUOTED_INCLUDE_IN_FRAMEWORK_HEADER = YES;
				CLANG_WARN_RANGE_LOOP_ANALYSIS = YES;
				CLANG_WARN_STRICT_PROTOTYPES = YES;
				CLANG_WARN_SUSPICIOUS_MOVE = YES;
				CLANG_WARN_UNGUARDED_AVAILABILITY = YES_AGGRESSIVE;
				CLANG_WARN_UNREACHABLE_CODE = YES;
				CLANG_WARN__DUPLICATE_METHOD_MATCH = YES;
				COPY_PHASE_STRIP = NO;
				DEBUG_INFORMATION_FORMAT = dwarf;
				ENABLE_STRICT_OBJC_MSGSEND = YES;
				ENABLE_TESTABILITY = YES;
				GCC_C_LANGUAGE_STANDARD = gnu11;
				GCC_DYNAMIC_NO_PIC = NO;
				GCC_NO_COMMON_BLOCKS = YES;
				GCC_OPTIMIZATION_LEVEL = 0;
				GCC_PREPROCESSOR_DEFINITIONS = (
					"DEBUG=1",
					"$(inherited)",
				);
				GCC_WARN_64_TO_32_BIT_CONVERSION = YES;
				GCC_WARN_ABOUT_RETURN_TYPE = YES_ERROR;
				GCC_WARN_UNDECLARED_SELECTOR = YES;
				GCC_WARN_UNINITIALIZED_AUTOS = YES_AGGRESSIVE;
				GCC_WARN_UNUSED_FUNCTION = YES;
				GCC_WARN_UNUSED_VARIABLE = YES;
				IPHONEOS_DEPLOYMENT_TARGET = 15.2;
				MTL_ENABLE_DEBUG_INFO = INCLUDE_SOURCE;
				MTL_FAST_MATH = YES;
				ONLY_ACTIVE_ARCH = YES;
				SDKROOT = iphoneos;
				SWIFT_ACTIVE_COMPILATION_CONDITIONS = DEBUG;
				SWIFT_OPTIMIZATION_LEVEL = "-Onone";
			};
			name = Debug;
		};
		9C845E08284E857300226845 /* Release */ = {
			isa = XCBuildConfiguration;
			buildSettings = {
				ALWAYS_SEARCH_USER_PATHS = NO;
				CLANG_ANALYZER_NONNULL = YES;
				CLANG_ANALYZER_NUMBER_OBJECT_CONVERSION = YES_AGGRESSIVE;
				CLANG_CXX_LANGUAGE_STANDARD = "gnu++17";
				CLANG_CXX_LIBRARY = "libc++";
				CLANG_ENABLE_MODULES = YES;
				CLANG_ENABLE_OBJC_ARC = YES;
				CLANG_ENABLE_OBJC_WEAK = YES;
				CLANG_WARN_BLOCK_CAPTURE_AUTORELEASING = YES;
				CLANG_WARN_BOOL_CONVERSION = YES;
				CLANG_WARN_COMMA = YES;
				CLANG_WARN_CONSTANT_CONVERSION = YES;
				CLANG_WARN_DEPRECATED_OBJC_IMPLEMENTATIONS = YES;
				CLANG_WARN_DIRECT_OBJC_ISA_USAGE = YES_ERROR;
				CLANG_WARN_DOCUMENTATION_COMMENTS = YES;
				CLANG_WARN_EMPTY_BODY = YES;
				CLANG_WARN_ENUM_CONVERSION = YES;
				CLANG_WARN_INFINITE_RECURSION = YES;
				CLANG_WARN_INT_CONVERSION = YES;
				CLANG_WARN_NON_LITERAL_NULL_CONVERSION = YES;
				CLANG_WARN_OBJC_IMPLICIT_RETAIN_SELF = YES;
				CLANG_WARN_OBJC_LITERAL_CONVERSION = YES;
				CLANG_WARN_OBJC_ROOT_CLASS = YES_ERROR;
				CLANG_WARN_QUOTED_INCLUDE_IN_FRAMEWORK_HEADER = YES;
				CLANG_WARN_RANGE_LOOP_ANALYSIS = YES;
				CLANG_WARN_STRICT_PROTOTYPES = YES;
				CLANG_WARN_SUSPICIOUS_MOVE = YES;
				CLANG_WARN_UNGUARDED_AVAILABILITY = YES_AGGRESSIVE;
				CLANG_WARN_UNREACHABLE_CODE = YES;
				CLANG_WARN__DUPLICATE_METHOD_MATCH = YES;
				COPY_PHASE_STRIP = NO;
				DEBUG_INFORMATION_FORMAT = "dwarf-with-dsym";
				ENABLE_NS_ASSERTIONS = NO;
				ENABLE_STRICT_OBJC_MSGSEND = YES;
				GCC_C_LANGUAGE_STANDARD = gnu11;
				GCC_NO_COMMON_BLOCKS = YES;
				GCC_WARN_64_TO_32_BIT_CONVERSION = YES;
				GCC_WARN_ABOUT_RETURN_TYPE = YES_ERROR;
				GCC_WARN_UNDECLARED_SELECTOR = YES;
				GCC_WARN_UNINITIALIZED_AUTOS = YES_AGGRESSIVE;
				GCC_WARN_UNUSED_FUNCTION = YES;
				GCC_WARN_UNUSED_VARIABLE = YES;
				IPHONEOS_DEPLOYMENT_TARGET = 15.2;
				MTL_ENABLE_DEBUG_INFO = NO;
				MTL_FAST_MATH = YES;
				SDKROOT = iphoneos;
				SWIFT_COMPILATION_MODE = wholemodule;
				SWIFT_OPTIMIZATION_LEVEL = "-O";
				VALIDATE_PRODUCT = YES;
			};
			name = Release;
		};
		9C845E0A284E857300226845 /* Debug */ = {
			isa = XCBuildConfiguration;
			buildSettings = {
				ASSETCATALOG_COMPILER_APPICON_NAME = AppIcon;
				ASSETCATALOG_COMPILER_GLOBAL_ACCENT_COLOR_NAME = AccentColor;
				CODE_SIGN_STYLE = Automatic;
				CURRENT_PROJECT_VERSION = 1;
				GENERATE_INFOPLIST_FILE = YES;
				INFOPLIST_FILE = ToDoApp/Info.plist;
				INFOPLIST_KEY_UIApplicationSupportsIndirectInputEvents = YES;
				INFOPLIST_KEY_UILaunchStoryboardName = LaunchScreen;
				INFOPLIST_KEY_UIMainStoryboardFile = Main;
				INFOPLIST_KEY_UISupportedInterfaceOrientations_iPad = "UIInterfaceOrientationPortrait UIInterfaceOrientationPortraitUpsideDown UIInterfaceOrientationLandscapeLeft UIInterfaceOrientationLandscapeRight";
				INFOPLIST_KEY_UISupportedInterfaceOrientations_iPhone = "UIInterfaceOrientationPortrait UIInterfaceOrientationLandscapeLeft UIInterfaceOrientationLandscapeRight";
				LD_RUNPATH_SEARCH_PATHS = (
					"$(inherited)",
					"@executable_path/Frameworks",
				);
				MARKETING_VERSION = 1.0;
				PRODUCT_BUNDLE_IDENTIFIER = first.ToDoApp;
				PRODUCT_NAME = "$(TARGET_NAME)";
				SWIFT_EMIT_LOC_STRINGS = YES;
				SWIFT_VERSION = 5.0;
				TARGETED_DEVICE_FAMILY = "1,2";
			};
			name = Debug;
		};
		9C845E0B284E857300226845 /* Release */ = {
			isa = XCBuildConfiguration;
			buildSettings = {
				ASSETCATALOG_COMPILER_APPICON_NAME = AppIcon;
				ASSETCATALOG_COMPILER_GLOBAL_ACCENT_COLOR_NAME = AccentColor;
				CODE_SIGN_STYLE = Automatic;
				CURRENT_PROJECT_VERSION = 1;
				GENERATE_INFOPLIST_FILE = YES;
				INFOPLIST_FILE = ToDoApp/Info.plist;
				INFOPLIST_KEY_UIApplicationSupportsIndirectInputEvents = YES;
				INFOPLIST_KEY_UILaunchStoryboardName = LaunchScreen;
				INFOPLIST_KEY_UIMainStoryboardFile = Main;
				INFOPLIST_KEY_UISupportedInterfaceOrientations_iPad = "UIInterfaceOrientationPortrait UIInterfaceOrientationPortraitUpsideDown UIInterfaceOrientationLandscapeLeft UIInterfaceOrientationLandscapeRight";
				INFOPLIST_KEY_UISupportedInterfaceOrientations_iPhone = "UIInterfaceOrientationPortrait UIInterfaceOrientationLandscapeLeft UIInterfaceOrientationLandscapeRight";
				LD_RUNPATH_SEARCH_PATHS = (
					"$(inherited)",
					"@executable_path/Frameworks",
				);
				MARKETING_VERSION = 1.0;
				PRODUCT_BUNDLE_IDENTIFIER = first.ToDoApp;
				PRODUCT_NAME = "$(TARGET_NAME)";
				SWIFT_EMIT_LOC_STRINGS = YES;
				SWIFT_VERSION = 5.0;
				TARGETED_DEVICE_FAMILY = "1,2";
			};
			name = Release;
		};
		9C845E0D284E857300226845 /* Debug */ = {
			isa = XCBuildConfiguration;
			buildSettings = {
				ALWAYS_EMBED_SWIFT_STANDARD_LIBRARIES = YES;
				BUNDLE_LOADER = "$(TEST_HOST)";
				CODE_SIGN_STYLE = Automatic;
				CURRENT_PROJECT_VERSION = 1;
				GENERATE_INFOPLIST_FILE = YES;
				IPHONEOS_DEPLOYMENT_TARGET = 15.2;
				MARKETING_VERSION = 1.0;
				PRODUCT_BUNDLE_IDENTIFIER = first.ToDoAppTests;
				PRODUCT_NAME = "$(TARGET_NAME)";
				SWIFT_EMIT_LOC_STRINGS = NO;
				SWIFT_VERSION = 5.0;
				TARGETED_DEVICE_FAMILY = "1,2";
				TEST_HOST = "$(BUILT_PRODUCTS_DIR)/ToDoApp.app/ToDoApp";
			};
			name = Debug;
		};
		9C845E0E284E857300226845 /* Release */ = {
			isa = XCBuildConfiguration;
			buildSettings = {
				ALWAYS_EMBED_SWIFT_STANDARD_LIBRARIES = YES;
				BUNDLE_LOADER = "$(TEST_HOST)";
				CODE_SIGN_STYLE = Automatic;
				CURRENT_PROJECT_VERSION = 1;
				GENERATE_INFOPLIST_FILE = YES;
				IPHONEOS_DEPLOYMENT_TARGET = 15.2;
				MARKETING_VERSION = 1.0;
				PRODUCT_BUNDLE_IDENTIFIER = first.ToDoAppTests;
				PRODUCT_NAME = "$(TARGET_NAME)";
				SWIFT_EMIT_LOC_STRINGS = NO;
				SWIFT_VERSION = 5.0;
				TARGETED_DEVICE_FAMILY = "1,2";
				TEST_HOST = "$(BUILT_PRODUCTS_DIR)/ToDoApp.app/ToDoApp";
			};
			name = Release;
		};
		9C845E10284E857300226845 /* Debug */ = {
			isa = XCBuildConfiguration;
			buildSettings = {
				ALWAYS_EMBED_SWIFT_STANDARD_LIBRARIES = YES;
				CODE_SIGN_STYLE = Automatic;
				CURRENT_PROJECT_VERSION = 1;
				GENERATE_INFOPLIST_FILE = YES;
				MARKETING_VERSION = 1.0;
				PRODUCT_BUNDLE_IDENTIFIER = first.ToDoAppUITests;
				PRODUCT_NAME = "$(TARGET_NAME)";
				SWIFT_EMIT_LOC_STRINGS = NO;
				SWIFT_VERSION = 5.0;
				TARGETED_DEVICE_FAMILY = "1,2";
				TEST_TARGET_NAME = ToDoApp;
			};
			name = Debug;
		};
		9C845E11284E857300226845 /* Release */ = {
			isa = XCBuildConfiguration;
			buildSettings = {
				ALWAYS_EMBED_SWIFT_STANDARD_LIBRARIES = YES;
				CODE_SIGN_STYLE = Automatic;
				CURRENT_PROJECT_VERSION = 1;
				GENERATE_INFOPLIST_FILE = YES;
				MARKETING_VERSION = 1.0;
				PRODUCT_BUNDLE_IDENTIFIER = first.ToDoAppUITests;
				PRODUCT_NAME = "$(TARGET_NAME)";
				SWIFT_EMIT_LOC_STRINGS = NO;
				SWIFT_VERSION = 5.0;
				TARGETED_DEVICE_FAMILY = "1,2";
				TEST_TARGET_NAME = ToDoApp;
			};
			name = Release;
		};
/* End XCBuildConfiguration section */

/* Begin XCConfigurationList section */
		9C845DDA284E857200226845 /* Build configuration list for PBXProject "ToDoApp" */ = {
			isa = XCConfigurationList;
			buildConfigurations = (
				9C845E07284E857300226845 /* Debug */,
				9C845E08284E857300226845 /* Release */,
			);
			defaultConfigurationIsVisible = 0;
			defaultConfigurationName = Release;
		};
		9C845E09284E857300226845 /* Build configuration list for PBXNativeTarget "ToDoApp" */ = {
			isa = XCConfigurationList;
			buildConfigurations = (
				9C845E0A284E857300226845 /* Debug */,
				9C845E0B284E857300226845 /* Release */,
			);
			defaultConfigurationIsVisible = 0;
			defaultConfigurationName = Release;
		};
		9C845E0C284E857300226845 /* Build configuration list for PBXNativeTarget "ToDoAppTests" */ = {
			isa = XCConfigurationList;
			buildConfigurations = (
				9C845E0D284E857300226845 /* Debug */,
				9C845E0E284E857300226845 /* Release */,
			);
			defaultConfigurationIsVisible = 0;
			defaultConfigurationName = Release;
		};
		9C845E0F284E857300226845 /* Build configuration list for PBXNativeTarget "ToDoAppUITests" */ = {
			isa = XCConfigurationList;
			buildConfigurations = (
				9C845E10284E857300226845 /* Debug */,
				9C845E11284E857300226845 /* Release */,
			);
			defaultConfigurationIsVisible = 0;
			defaultConfigurationName = Release;
		};
/* End XCConfigurationList section */
	};
	rootObject = 9C845DD7284E857200226845 /* Project object */;
}
